
Microsoft Visual Studio Solution File, Format Version 12.00
# Visual Studio Version 16
VisualStudioVersion = 16.0.29503.13
MinimumVisualStudioVersion = 10.0.40219.1
Project("{9A19103F-16F7-4668-BE54-9A1E7A4F7556}") = "CourtCheckInPrism", "CourtCheckInPrism\CourtCheckInPrism\CourtCheckInPrism.csproj", "{A1D4A967-EDCA-4D1E-9F29-8C4D9929DA3E}"
EndProject
Project("{FAE04EC0-301F-11D3-BF4B-00C04F79EFBC}") = "CourtCheckInPrism.Android", "CourtCheckInPrism\CourtCheckInPrism.Android\CourtCheckInPrism.Android.csproj", "{9F5AC6F5-E71F-4875-9962-E50BCB270AD8}"
EndProject
Global
	GlobalSection(SolutionConfigurationPlatforms) = preSolution
		Debug|Any CPU = Debug|Any CPU
		Release|Any CPU = Release|Any CPU
	EndGlobalSection
	GlobalSection(ProjectConfigurationPlatforms) = postSolution
		{A1D4A967-EDCA-4D1E-9F29-8C4D9929DA3E}.Debug|Any CPU.ActiveCfg = Debug|Any CPU
		{A1D4A967-EDCA-4D1E-9F29-8C4D9929DA3E}.Debug|Any CPU.Build.0 = Debug|Any CPU
		{A1D4A967-EDCA-4D1E-9F29-8C4D9929DA3E}.Release|Any CPU.ActiveCfg = Release|Any CPU
		{A1D4A967-EDCA-4D1E-9F29-8C4D9929DA3E}.Release|Any CPU.Build.0 = Release|Any CPU
		{9F5AC6F5-E71F-4875-9962-E50BCB270AD8}.Debug|Any CPU.ActiveCfg = Debug|Any CPU
		{9F5AC6F5-E71F-4875-9962-E50BCB270AD8}.Debug|Any CPU.Build.0 = Debug|Any CPU
		{9F5AC6F5-E71F-4875-9962-E50BCB270AD8}.Debug|Any CPU.Deploy.0 = Debug|Any CPU
		{9F5AC6F5-E71F-4875-9962-E50BCB270AD8}.Release|Any CPU.ActiveCfg = Release|Any CPU
		{9F5AC6F5-E71F-4875-9962-E50BCB270AD8}.Release|Any CPU.Build.0 = Release|Any CPU
		{9F5AC6F5-E71F-4875-9962-E50BCB270AD8}.Release|Any CPU.Deploy.0 = Release|Any CPU
	EndGlobalSection
	GlobalSection(SolutionProperties) = preSolution
		HideSolutionNode = FALSE
	EndGlobalSection
	GlobalSection(ExtensibilityGlobals) = postSolution
		SolutionGuid = {96BB65B8-CAFE-4F86-9D35-3ABB79649E2F}
	EndGlobalSection
EndGlobal
